
Microsoft Visual Studio Solution File, Format Version 12.00
# Visual Studio 2013
VisualStudioVersion = 12.0.31101.0
MinimumVisualStudioVersion = 10.0.40219.1
Project("{FAE04EC0-301F-11D3-BF4B-00C04F79EFBC}") = "Phonebook.Model", "Application\Phonebook.Model\Phonebook.Model.csproj", "{CAEAF49F-4F82-4FC8-82EC-B0CBEDC3AEAA}"
EndProject
Project("{FAE04EC0-301F-11D3-BF4B-00C04F79EFBC}") = "Phonebook.Data", "Application\Phonebook.Data\Phonebook.Data.csproj", "{05AD4374-1296-487F-A025-8FD2B45F036B}"
EndProject
Project("{FAE04EC0-301F-11D3-BF4B-00C04F79EFBC}") = "Phonebook.Contracts", "Application\Phonebook.Contracts\Phonebook.Contracts.csproj", "{A22D596E-F435-46A1-BB7E-82E9226507D0}"
EndProject
Project("{FAE04EC0-301F-11D3-BF4B-00C04F79EFBC}") = "Phonebook.BusinesLayer", "Application\Phonebook.BusinesLayer\Phonebook.BusinesLayer.csproj", "{20A6348D-401E-4292-B5D4-9C22F7D4D648}"
EndProject
Project("{FAE04EC0-301F-11D3-BF4B-00C04F79EFBC}") = "Phonebook.CastleWindsor", "Application\Phonebook.CastleWindsor\Phonebook.CastleWindsor.csproj", "{BA788A64-BB59-44B8-8CA1-740CC4B3DCC5}"
EndProject
Project("{FAE04EC0-301F-11D3-BF4B-00C04F79EFBC}") = "Phonebook.UserInterface", "Application\Phonebook.UserInterface\Phonebook.UserInterface.csproj", "{77AA5AC2-EF09-42FF-8B19-BB109C5749E9}"
EndProject
Project("{54435603-DBB4-11D2-8724-00A0C9A8B90C}") = "Phonebook.Setup", "Application\Phonebook.Setup\Phonebook.Setup.vdproj", "{14CA6514-3D1B-4BE6-817D-3E0BFEED032F}"
EndProject
Global
	GlobalSection(SolutionConfigurationPlatforms) = preSolution
		CD_ROM|Any CPU = CD_ROM|Any CPU
		Debug|Any CPU = Debug|Any CPU
		DVD-5|Any CPU = DVD-5|Any CPU
		Release|Any CPU = Release|Any CPU
		SingleImage|Any CPU = SingleImage|Any CPU
	EndGlobalSection
	GlobalSection(ProjectConfigurationPlatforms) = postSolution
		{CAEAF49F-4F82-4FC8-82EC-B0CBEDC3AEAA}.CD_ROM|Any CPU.ActiveCfg = Release|Any CPU
		{CAEAF49F-4F82-4FC8-82EC-B0CBEDC3AEAA}.CD_ROM|Any CPU.Build.0 = Release|Any CPU
		{CAEAF49F-4F82-4FC8-82EC-B0CBEDC3AEAA}.Debug|Any CPU.ActiveCfg = Debug|Any CPU
		{CAEAF49F-4F82-4FC8-82EC-B0CBEDC3AEAA}.Debug|Any CPU.Build.0 = Debug|Any CPU
		{CAEAF49F-4F82-4FC8-82EC-B0CBEDC3AEAA}.DVD-5|Any CPU.ActiveCfg = Debug|Any CPU
		{CAEAF49F-4F82-4FC8-82EC-B0CBEDC3AEAA}.DVD-5|Any CPU.Build.0 = Debug|Any CPU
		{CAEAF49F-4F82-4FC8-82EC-B0CBEDC3AEAA}.Release|Any CPU.ActiveCfg = Release|Any CPU
		{CAEAF49F-4F82-4FC8-82EC-B0CBEDC3AEAA}.Release|Any CPU.Build.0 = Release|Any CPU
		{CAEAF49F-4F82-4FC8-82EC-B0CBEDC3AEAA}.SingleImage|Any CPU.ActiveCfg = Release|Any CPU
		{CAEAF49F-4F82-4FC8-82EC-B0CBEDC3AEAA}.SingleImage|Any CPU.Build.0 = Release|Any CPU
		{05AD4374-1296-487F-A025-8FD2B45F036B}.CD_ROM|Any CPU.ActiveCfg = Release|Any CPU
		{05AD4374-1296-487F-A025-8FD2B45F036B}.CD_ROM|Any CPU.Build.0 = Release|Any CPU
		{05AD4374-1296-487F-A025-8FD2B45F036B}.Debug|Any CPU.ActiveCfg = Debug|Any CPU
		{05AD4374-1296-487F-A025-8FD2B45F036B}.Debug|Any CPU.Build.0 = Debug|Any CPU
		{05AD4374-1296-487F-A025-8FD2B45F036B}.DVD-5|Any CPU.ActiveCfg = Debug|Any CPU
		{05AD4374-1296-487F-A025-8FD2B45F036B}.DVD-5|Any CPU.Build.0 = Debug|Any CPU
		{05AD4374-1296-487F-A025-8FD2B45F036B}.Release|Any CPU.ActiveCfg = Release|Any CPU
		{05AD4374-1296-487F-A025-8FD2B45F036B}.Release|Any CPU.Build.0 = Release|Any CPU
		{05AD4374-1296-487F-A025-8FD2B45F036B}.SingleImage|Any CPU.ActiveCfg = Release|Any CPU
		{05AD4374-1296-487F-A025-8FD2B45F036B}.SingleImage|Any CPU.Build.0 = Release|Any CPU
		{A22D596E-F435-46A1-BB7E-82E9226507D0}.CD_ROM|Any CPU.ActiveCfg = Release|Any CPU
		{A22D596E-F435-46A1-BB7E-82E9226507D0}.CD_ROM|Any CPU.Build.0 = Release|Any CPU
		{A22D596E-F435-46A1-BB7E-82E9226507D0}.Debug|Any CPU.ActiveCfg = Debug|Any CPU
		{A22D596E-F435-46A1-BB7E-82E9226507D0}.Debug|Any CPU.Build.0 = Debug|Any CPU
		{A22D596E-F435-46A1-BB7E-82E9226507D0}.DVD-5|Any CPU.ActiveCfg = Debug|Any CPU
		{A22D596E-F435-46A1-BB7E-82E9226507D0}.DVD-5|Any CPU.Build.0 = Debug|Any CPU
		{A22D596E-F435-46A1-BB7E-82E9226507D0}.Release|Any CPU.ActiveCfg = Release|Any CPU
		{A22D596E-F435-46A1-BB7E-82E9226507D0}.Release|Any CPU.Build.0 = Release|Any CPU
		{A22D596E-F435-46A1-BB7E-82E9226507D0}.SingleImage|Any CPU.ActiveCfg = Release|Any CPU
		{A22D596E-F435-46A1-BB7E-82E9226507D0}.SingleImage|Any CPU.Build.0 = Release|Any CPU
		{20A6348D-401E-4292-B5D4-9C22F7D4D648}.CD_ROM|Any CPU.ActiveCfg = Release|Any CPU
		{20A6348D-401E-4292-B5D4-9C22F7D4D648}.CD_ROM|Any CPU.Build.0 = Release|Any CPU
		{20A6348D-401E-4292-B5D4-9C22F7D4D648}.Debug|Any CPU.ActiveCfg = Debug|Any CPU
		{20A6348D-401E-4292-B5D4-9C22F7D4D648}.Debug|Any CPU.Build.0 = Debug|Any CPU
		{20A6348D-401E-4292-B5D4-9C22F7D4D648}.DVD-5|Any CPU.ActiveCfg = Debug|Any CPU
		{20A6348D-401E-4292-B5D4-9C22F7D4D648}.DVD-5|Any CPU.Build.0 = Debug|Any CPU
		{20A6348D-401E-4292-B5D4-9C22F7D4D648}.Release|Any CPU.ActiveCfg = Release|Any CPU
		{20A6348D-401E-4292-B5D4-9C22F7D4D648}.Release|Any CPU.Build.0 = Release|Any CPU
		{20A6348D-401E-4292-B5D4-9C22F7D4D648}.SingleImage|Any CPU.ActiveCfg = Release|Any CPU
		{20A6348D-401E-4292-B5D4-9C22F7D4D648}.SingleImage|Any CPU.Build.0 = Release|Any CPU
		{BA788A64-BB59-44B8-8CA1-740CC4B3DCC5}.CD_ROM|Any CPU.ActiveCfg = Release|Any CPU
		{BA788A64-BB59-44B8-8CA1-740CC4B3DCC5}.CD_ROM|Any CPU.Build.0 = Release|Any CPU
		{BA788A64-BB59-44B8-8CA1-740CC4B3DCC5}.Debug|Any CPU.ActiveCfg = Debug|Any CPU
		{BA788A64-BB59-44B8-8CA1-740CC4B3DCC5}.Debug|Any CPU.Build.0 = Debug|Any CPU
		{BA788A64-BB59-44B8-8CA1-740CC4B3DCC5}.DVD-5|Any CPU.ActiveCfg = Debug|Any CPU
		{BA788A64-BB59-44B8-8CA1-740CC4B3DCC5}.DVD-5|Any CPU.Build.0 = Debug|Any CPU
		{BA788A64-BB59-44B8-8CA1-740CC4B3DCC5}.Release|Any CPU.ActiveCfg = Release|Any CPU
		{BA788A64-BB59-44B8-8CA1-740CC4B3DCC5}.Release|Any CPU.Build.0 = Release|Any CPU
		{BA788A64-BB59-44B8-8CA1-740CC4B3DCC5}.SingleImage|Any CPU.ActiveCfg = Release|Any CPU
		{BA788A64-BB59-44B8-8CA1-740CC4B3DCC5}.SingleImage|Any CPU.Build.0 = Release|Any CPU
		{77AA5AC2-EF09-42FF-8B19-BB109C5749E9}.CD_ROM|Any CPU.ActiveCfg = Release|Any CPU
		{77AA5AC2-EF09-42FF-8B19-BB109C5749E9}.CD_ROM|Any CPU.Build.0 = Release|Any CPU
		{77AA5AC2-EF09-42FF-8B19-BB109C5749E9}.Debug|Any CPU.ActiveCfg = Release|Any CPU
		{77AA5AC2-EF09-42FF-8B19-BB109C5749E9}.Debug|Any CPU.Build.0 = Release|Any CPU
		{77AA5AC2-EF09-42FF-8B19-BB109C5749E9}.DVD-5|Any CPU.ActiveCfg = Debug|Any CPU
		{77AA5AC2-EF09-42FF-8B19-BB109C5749E9}.DVD-5|Any CPU.Build.0 = Debug|Any CPU
		{77AA5AC2-EF09-42FF-8B19-BB109C5749E9}.Release|Any CPU.ActiveCfg = Release|Any CPU
		{77AA5AC2-EF09-42FF-8B19-BB109C5749E9}.Release|Any CPU.Build.0 = Release|Any CPU
		{77AA5AC2-EF09-42FF-8B19-BB109C5749E9}.SingleImage|Any CPU.ActiveCfg = Release|Any CPU
		{77AA5AC2-EF09-42FF-8B19-BB109C5749E9}.SingleImage|Any CPU.Build.0 = Release|Any CPU
		{14CA6514-3D1B-4BE6-817D-3E0BFEED032F}.CD_ROM|Any CPU.ActiveCfg = Release
		{14CA6514-3D1B-4BE6-817D-3E0BFEED032F}.Debug|Any CPU.ActiveCfg = Release
		{14CA6514-3D1B-4BE6-817D-3E0BFEED032F}.Debug|Any CPU.Build.0 = Release
		{14CA6514-3D1B-4BE6-817D-3E0BFEED032F}.DVD-5|Any CPU.ActiveCfg = Debug
		{14CA6514-3D1B-4BE6-817D-3E0BFEED032F}.Release|Any CPU.ActiveCfg = Release
		{14CA6514-3D1B-4BE6-817D-3E0BFEED032F}.SingleImage|Any CPU.ActiveCfg = Release
	EndGlobalSection
	GlobalSection(SolutionProperties) = preSolution
		HideSolutionNode = FALSE
	EndGlobalSection
EndGlobal
